
Microsoft Visual Studio Solution File, Format Version 12.00
# Visual Studio 15
VisualStudioVersion = 15.0.28307.421
MinimumVisualStudioVersion = 10.0.40219.1
Project("{FAE04EC0-301F-11D3-BF4B-00C04F79EFBC}") = "ConsoleSend", "ConsoleSend\ConsoleSend.csproj", "{AF5DEBF6-0072-447C-A227-0B8314C3D0F1}"
EndProject
Project("{FAE04EC0-301F-11D3-BF4B-00C04F79EFBC}") = "ConsoleReceive", "ConsoleReceive\ConsoleReceive.csproj", "{22F6BDB5-2EF9-41F1-BF93-A07434E0C684}"
EndProject
Global
	GlobalSection(SolutionConfigurationPlatforms) = preSolution
		Debug|Any CPU = Debug|Any CPU
		Release|Any CPU = Release|Any CPU
	EndGlobalSection
	GlobalSection(ProjectConfigurationPlatforms) = postSolution
		{AF5DEBF6-0072-447C-A227-0B8314C3D0F1}.Debug|Any CPU.ActiveCfg = Debug|Any CPU
		{AF5DEBF6-0072-447C-A227-0B8314C3D0F1}.Debug|Any CPU.Build.0 = Debug|Any CPU
		{AF5DEBF6-0072-447C-A227-0B8314C3D0F1}.Release|Any CPU.ActiveCfg = Release|Any CPU
		{AF5DEBF6-0072-447C-A227-0B8314C3D0F1}.Release|Any CPU.Build.0 = Release|Any CPU
		{22F6BDB5-2EF9-41F1-BF93-A07434E0C684}.Debug|Any CPU.ActiveCfg = Debug|Any CPU
		{22F6BDB5-2EF9-41F1-BF93-A07434E0C684}.Debug|Any CPU.Build.0 = Debug|Any CPU
		{22F6BDB5-2EF9-41F1-BF93-A07434E0C684}.Release|Any CPU.ActiveCfg = Release|Any CPU
		{22F6BDB5-2EF9-41F1-BF93-A07434E0C684}.Release|Any CPU.Build.0 = Release|Any CPU
	EndGlobalSection
	GlobalSection(SolutionProperties) = preSolution
		HideSolutionNode = FALSE
	EndGlobalSection
	GlobalSection(ExtensibilityGlobals) = postSolution
		SolutionGuid = {B660E81D-EBF9-49FE-85A7-11A8642ECDDD}
	EndGlobalSection
EndGlobal
